
Microsoft Visual Studio Solution File, Format Version 12.00
# Visual Studio Version 16
VisualStudioVersion = 16.0.32929.386
MinimumVisualStudioVersion = 10.0.40219.1
Project("{FAE04EC0-301F-11D3-BF4B-00C04F79EFBC}") = "Proiect1", "Proiect1\Proiect1.csproj", "{8695985D-44E2-494A-BBC5-D9C1A1F71F1C}"
EndProject
Global
	GlobalSection(SolutionConfigurationPlatforms) = preSolution
		Debug|Any CPU = Debug|Any CPU
		Release|Any CPU = Release|Any CPU
	EndGlobalSection
	GlobalSection(ProjectConfigurationPlatforms) = postSolution
		{8695985D-44E2-494A-BBC5-D9C1A1F71F1C}.Debug|Any CPU.ActiveCfg = Debug|Any CPU
		{8695985D-44E2-494A-BBC5-D9C1A1F71F1C}.Debug|Any CPU.Build.0 = Debug|Any CPU
		{8695985D-44E2-494A-BBC5-D9C1A1F71F1C}.Release|Any CPU.ActiveCfg = Release|Any CPU
		{8695985D-44E2-494A-BBC5-D9C1A1F71F1C}.Release|Any CPU.Build.0 = Release|Any CPU
	EndGlobalSection
	GlobalSection(SolutionProperties) = preSolution
		HideSolutionNode = FALSE
	EndGlobalSection
	GlobalSection(ExtensibilityGlobals) = postSolution
		SolutionGuid = {7F3C1A60-DCE8-4EA6-AEE6-9ED7CA9F1ADD}
	EndGlobalSection
EndGlobal
